
Microsoft Visual Studio Solution File, Format Version 12.00
# Visual Studio Version 17
VisualStudioVersion = 17.8.34511.84
MinimumVisualStudioVersion = 10.0.40219.1
Project("{FAE04EC0-301F-11D3-BF4B-00C04F79EFBC}") = "ASP.Net Core MVC", "ASP.Net Core MVC.csproj", "{C9117997-0109-482F-BA4F-0CC6B860759A}"
EndProject
Global
	GlobalSection(SolutionConfigurationPlatforms) = preSolution
		Debug|Any CPU = Debug|Any CPU
		Release|Any CPU = Release|Any CPU
	EndGlobalSection
	GlobalSection(ProjectConfigurationPlatforms) = postSolution
		{C9117997-0109-482F-BA4F-0CC6B860759A}.Debug|Any CPU.ActiveCfg = Debug|Any CPU
		{C9117997-0109-482F-BA4F-0CC6B860759A}.Debug|Any CPU.Build.0 = Debug|Any CPU
		{C9117997-0109-482F-BA4F-0CC6B860759A}.Release|Any CPU.ActiveCfg = Release|Any CPU
		{C9117997-0109-482F-BA4F-0CC6B860759A}.Release|Any CPU.Build.0 = Release|Any CPU
	EndGlobalSection
	GlobalSection(SolutionProperties) = preSolution
		HideSolutionNode = FALSE
	EndGlobalSection
	GlobalSection(ExtensibilityGlobals) = postSolution
		SolutionGuid = {FE1F6ACC-6742-42CB-9E9D-84FA219F6CF6}
	EndGlobalSection
EndGlobal
